
Microsoft Visual Studio Solution File, Format Version 12.00
# Visual Studio 15
VisualStudioVersion = 15.0.27130.2036
MinimumVisualStudioVersion = 10.0.40219.1
Project("{FAE04EC0-301F-11D3-BF4B-00C04F79EFBC}") = "FortuneReciever", "FortuneReciever\FortuneReciever.csproj", "{7A9705E3-DDAB-4963-B000-826C9E4F64C2}"
EndProject
Project("{FAE04EC0-301F-11D3-BF4B-00C04F79EFBC}") = "FortuneReciever.BLL", "FortuneReciever.BLL\FortuneReciever.BLL.csproj", "{6B7C9C5C-A87E-4FA4-9056-DE19037CB5AB}"
EndProject
Project("{FAE04EC0-301F-11D3-BF4B-00C04F79EFBC}") = "FortuneReciever.DAL", "FortuneReceiver.DAL\FortuneReciever.DAL.csproj", "{8A78A1D5-D137-4AC1-94BA-4E5274026925}"
EndProject
Global
	GlobalSection(SolutionConfigurationPlatforms) = preSolution
		Debug|Any CPU = Debug|Any CPU
		Release|Any CPU = Release|Any CPU
	EndGlobalSection
	GlobalSection(ProjectConfigurationPlatforms) = postSolution
		{7A9705E3-DDAB-4963-B000-826C9E4F64C2}.Debug|Any CPU.ActiveCfg = Debug|Any CPU
		{7A9705E3-DDAB-4963-B000-826C9E4F64C2}.Debug|Any CPU.Build.0 = Debug|Any CPU
		{7A9705E3-DDAB-4963-B000-826C9E4F64C2}.Release|Any CPU.ActiveCfg = Release|Any CPU
		{7A9705E3-DDAB-4963-B000-826C9E4F64C2}.Release|Any CPU.Build.0 = Release|Any CPU
		{6B7C9C5C-A87E-4FA4-9056-DE19037CB5AB}.Debug|Any CPU.ActiveCfg = Debug|Any CPU
		{6B7C9C5C-A87E-4FA4-9056-DE19037CB5AB}.Debug|Any CPU.Build.0 = Debug|Any CPU
		{6B7C9C5C-A87E-4FA4-9056-DE19037CB5AB}.Release|Any CPU.ActiveCfg = Release|Any CPU
		{6B7C9C5C-A87E-4FA4-9056-DE19037CB5AB}.Release|Any CPU.Build.0 = Release|Any CPU
		{8A78A1D5-D137-4AC1-94BA-4E5274026925}.Debug|Any CPU.ActiveCfg = Debug|Any CPU
		{8A78A1D5-D137-4AC1-94BA-4E5274026925}.Debug|Any CPU.Build.0 = Debug|Any CPU
		{8A78A1D5-D137-4AC1-94BA-4E5274026925}.Release|Any CPU.ActiveCfg = Release|Any CPU
		{8A78A1D5-D137-4AC1-94BA-4E5274026925}.Release|Any CPU.Build.0 = Release|Any CPU
	EndGlobalSection
	GlobalSection(SolutionProperties) = preSolution
		HideSolutionNode = FALSE
	EndGlobalSection
	GlobalSection(ExtensibilityGlobals) = postSolution
		SolutionGuid = {B4280B2A-7BAB-4B92-9187-CC4F32292D76}
	EndGlobalSection
EndGlobal
